
Microsoft Visual Studio Solution File, Format Version 12.00
# Visual Studio 15
VisualStudioVersion = 15.0.28307.2092
MinimumVisualStudioVersion = 10.0.40219.1
Project("{8BC9CEB8-8B4A-11D0-8D11-00A0C91BC942}") = "openslltest", "openslltest\openslltest.vcxproj", "{212D4705-A6F6-4D89-B8B1-3E5DAC404370}"
EndProject
Global
	GlobalSection(SolutionConfigurationPlatforms) = preSolution
		Debug|x64 = Debug|x64
		Debug|x86 = Debug|x86
		Release|x64 = Release|x64
		Release|x86 = Release|x86
	EndGlobalSection
	GlobalSection(ProjectConfigurationPlatforms) = postSolution
		{212D4705-A6F6-4D89-B8B1-3E5DAC404370}.Debug|x64.ActiveCfg = Debug|x64
		{212D4705-A6F6-4D89-B8B1-3E5DAC404370}.Debug|x64.Build.0 = Debug|x64
		{212D4705-A6F6-4D89-B8B1-3E5DAC404370}.Debug|x86.ActiveCfg = Debug|Win32
		{212D4705-A6F6-4D89-B8B1-3E5DAC404370}.Debug|x86.Build.0 = Debug|Win32
		{212D4705-A6F6-4D89-B8B1-3E5DAC404370}.Release|x64.ActiveCfg = Release|x64
		{212D4705-A6F6-4D89-B8B1-3E5DAC404370}.Release|x64.Build.0 = Release|x64
		{212D4705-A6F6-4D89-B8B1-3E5DAC404370}.Release|x86.ActiveCfg = Release|Win32
		{212D4705-A6F6-4D89-B8B1-3E5DAC404370}.Release|x86.Build.0 = Release|Win32
	EndGlobalSection
	GlobalSection(SolutionProperties) = preSolution
		HideSolutionNode = FALSE
	EndGlobalSection
	GlobalSection(ExtensibilityGlobals) = postSolution
		SolutionGuid = {ABC2E751-5994-477A-9874-43384A91831F}
	EndGlobalSection
EndGlobal
