
Microsoft Visual Studio Solution File, Format Version 12.00
# Visual Studio 15
VisualStudioVersion = 15.0.28307.2092
MinimumVisualStudioVersion = 10.0.40219.1
Project("{8BC9CEB8-8B4A-11D0-8D11-00A0C91BC942}") = "t2", "t2\t2.vcxproj", "{BB499ECB-8940-40B2-A3C1-A569F0A0817B}"
EndProject
Global
	GlobalSection(SolutionConfigurationPlatforms) = preSolution
		Debug|x64 = Debug|x64
		Debug|x86 = Debug|x86
		Release|x64 = Release|x64
		Release|x86 = Release|x86
	EndGlobalSection
	GlobalSection(ProjectConfigurationPlatforms) = postSolution
		{BB499ECB-8940-40B2-A3C1-A569F0A0817B}.Debug|x64.ActiveCfg = Debug|x64
		{BB499ECB-8940-40B2-A3C1-A569F0A0817B}.Debug|x64.Build.0 = Debug|x64
		{BB499ECB-8940-40B2-A3C1-A569F0A0817B}.Debug|x86.ActiveCfg = Debug|Win32
		{BB499ECB-8940-40B2-A3C1-A569F0A0817B}.Debug|x86.Build.0 = Debug|Win32
		{BB499ECB-8940-40B2-A3C1-A569F0A0817B}.Release|x64.ActiveCfg = Release|x64
		{BB499ECB-8940-40B2-A3C1-A569F0A0817B}.Release|x64.Build.0 = Release|x64
		{BB499ECB-8940-40B2-A3C1-A569F0A0817B}.Release|x86.ActiveCfg = Release|Win32
		{BB499ECB-8940-40B2-A3C1-A569F0A0817B}.Release|x86.Build.0 = Release|Win32
	EndGlobalSection
	GlobalSection(SolutionProperties) = preSolution
		HideSolutionNode = FALSE
	EndGlobalSection
	GlobalSection(ExtensibilityGlobals) = postSolution
		SolutionGuid = {EEDEEEC2-3670-4E33-9508-851E63F535F7}
	EndGlobalSection
EndGlobal
